// !$*UTF8*$!
{
	archiveVersion = 1;
	classes = {
	};
	objectVersion = 46;
	objects = {

/* Begin PBXBuildFile section */
		567245D918731432000BB7F9 /* Foundation.framework in Frameworks */ = {isa = PBXBuildFile; fileRef = 567245D818731432000BB7F9 /* Foundation.framework */; };
		567245DB18731432000BB7F9 /* CoreGraphics.framework in Frameworks */ = {isa = PBXBuildFile; fileRef = 567245DA18731432000BB7F9 /* CoreGraphics.framework */; };
		567245DD18731432000BB7F9 /* UIKit.framework in Frameworks */ = {isa = PBXBuildFile; fileRef = 567245DC18731432000BB7F9 /* UIKit.framework */; };
		567245E318731433000BB7F9 /* InfoPlist.strings in Resources */ = {isa = PBXBuildFile; fileRef = 567245E118731433000BB7F9 /* InfoPlist.strings */; };
		567245E518731433000BB7F9 /* main.m in Sources */ = {isa = PBXBuildFile; fileRef = 567245E418731433000BB7F9 /* main.m */; };
		567245E918731433000BB7F9 /* AppDelegate.m in Sources */ = {isa = PBXBuildFile; fileRef = 567245E818731433000BB7F9 /* AppDelegate.m */; };
		567245EC18731433000BB7F9 /* Main.storyboard in Resources */ = {isa = PBXBuildFile; fileRef = 567245EA18731433000BB7F9 /* Main.storyboard */; };
		567245EF18731433000BB7F9 /* ViewController.m in Sources */ = {isa = PBXBuildFile; fileRef = 567245EE18731433000BB7F9 /* ViewController.m */; };
		567245F118731433000BB7F9 /* Images.xcassets in Resources */ = {isa = PBXBuildFile; fileRef = 567245F018731433000BB7F9 /* Images.xcassets */; };
		567245F818731433000BB7F9 /* XCTest.framework in Frameworks */ = {isa = PBXBuildFile; fileRef = 567245F718731433000BB7F9 /* XCTest.framework */; };
		567245F918731433000BB7F9 /* Foundation.framework in Frameworks */ = {isa = PBXBuildFile; fileRef = 567245D818731432000BB7F9 /* Foundation.framework */; };
		567245FA18731433000BB7F9 /* UIKit.framework in Frameworks */ = {isa = PBXBuildFile; fileRef = 567245DC18731432000BB7F9 /* UIKit.framework */; };
		5672460218731433000BB7F9 /* InfoPlist.strings in Resources */ = {isa = PBXBuildFile; fileRef = 5672460018731433000BB7F9 /* InfoPlist.strings */; };
		5672460418731433000BB7F9 /* BLL_AbiturTests.m in Sources */ = {isa = PBXBuildFile; fileRef = 5672460318731433000BB7F9 /* BLL_AbiturTests.m */; };
/* End PBXBuildFile section */

/* Begin PBXContainerItemProxy section */
		567245FB18731433000BB7F9 /* PBXContainerItemProxy */ = {
			isa = PBXContainerItemProxy;
			containerPortal = 567245CD18731432000BB7F9 /* Project object */;
			proxyType = 1;
			remoteGlobalIDString = 567245D418731432000BB7F9;
			remoteInfo = BLL_Abitur;
		};
/* End PBXContainerItemProxy section */

/* Begin PBXFileReference section */
		567245D518731432000BB7F9 /* BLL_Abitur.app */ = {isa = PBXFileReference; explicitFileType = wrapper.application; includeInIndex = 0; path = BLL_Abitur.app; sourceTree = BUILT_PRODUCTS_DIR; };
		567245D818731432000BB7F9 /* Foundation.framework */ = {isa = PBXFileReference; lastKnownFileType = wrapper.framework; name = Foundation.framework; path = System/Library/Frameworks/Foundation.framework; sourceTree = SDKROOT; };
		567245DA18731432000BB7F9 /* CoreGraphics.framework */ = {isa = PBXFileReference; lastKnownFileType = wrapper.framework; name = CoreGraphics.framework; path = System/Library/Frameworks/CoreGraphics.framework; sourceTree = SDKROOT; };
		567245DC18731432000BB7F9 /* UIKit.framework */ = {isa = PBXFileReference; lastKnownFileType = wrapper.framework; name = UIKit.framework; path = System/Library/Frameworks/UIKit.framework; sourceTree = SDKROOT; };
		567245E018731433000BB7F9 /* BLL_Abitur-Info.plist */ = {isa = PBXFileReference; lastKnownFileType = text.plist.xml; path = "BLL_Abitur-Info.plist"; sourceTree = "<group>"; };
		567245E218731433000BB7F9 /* en */ = {isa = PBXFileReference; lastKnownFileType = text.plist.strings; name = en; path = en.lproj/InfoPlist.strings; sourceTree = "<group>"; };
		567245E418731433000BB7F9 /* main.m */ = {isa = PBXFileReference; lastKnownFileType = sourcecode.c.objc; path = main.m; sourceTree = "<group>"; };
		567245E618731433000BB7F9 /* BLL_Abitur-Prefix.pch */ = {isa = PBXFileReference; lastKnownFileType = sourcecode.c.h; path = "BLL_Abitur-Prefix.pch"; sourceTree = "<group>"; };
		567245E718731433000BB7F9 /* AppDelegate.h */ = {isa = PBXFileReference; lastKnownFileType = sourcecode.c.h; path = AppDelegate.h; sourceTree = "<group>"; };
		567245E818731433000BB7F9 /* AppDelegate.m */ = {isa = PBXFileReference; lastKnownFileType = sourcecode.c.objc; path = AppDelegate.m; sourceTree = "<group>"; };
		567245EB18731433000BB7F9 /* Base */ = {isa = PBXFileReference; lastKnownFileType = file.storyboard; name = Base; path = Base.lproj/Main.storyboard; sourceTree = "<group>"; };
		567245ED18731433000BB7F9 /* ViewController.h */ = {isa = PBXFileReference; lastKnownFileType = sourcecode.c.h; path = ViewController.h; sourceTree = "<group>"; };
		567245EE18731433000BB7F9 /* ViewController.m */ = {isa = PBXFileReference; lastKnownFileType = sourcecode.c.objc; path = ViewController.m; sourceTree = "<group>"; };
		567245F018731433000BB7F9 /* Images.xcassets */ = {isa = PBXFileReference; lastKnownFileType = folder.assetcatalog; path = Images.xcassets; sourceTree = "<group>"; };
		567245F618731433000BB7F9 /* BLL_AbiturTests.xctest */ = {isa = PBXFileReference; explicitFileType = wrapper.cfbundle; includeInIndex = 0; path = BLL_AbiturTests.xctest; sourceTree = BUILT_PRODUCTS_DIR; };
		567245F718731433000BB7F9 /* XCTest.framework */ = {isa = PBXFileReference; lastKnownFileType = wrapper.framework; name = XCTest.framework; path = Library/Frameworks/XCTest.framework; sourceTree = DEVELOPER_DIR; };
		567245FF18731433000BB7F9 /* BLL_AbiturTests-Info.plist */ = {isa = PBXFileReference; lastKnownFileType = text.plist.xml; path = "BLL_AbiturTests-Info.plist"; sourceTree = "<group>"; };
		5672460118731433000BB7F9 /* en */ = {isa = PBXFileReference; lastKnownFileType = text.plist.strings; name = en; path = en.lproj/InfoPlist.strings; sourceTree = "<group>"; };
		5672460318731433000BB7F9 /* BLL_AbiturTests.m */ = {isa = PBXFileReference; lastKnownFileType = sourcecode.c.objc; path = BLL_AbiturTests.m; sourceTree = "<group>"; };
/* End PBXFileReference section */

/* Begin PBXFrameworksBuildPhase section */
		567245D218731432000BB7F9 /* Frameworks */ = {
			isa = PBXFrameworksBuildPhase;
			buildActionMask = 2147483647;
			files = (
				567245DB18731432000BB7F9 /* CoreGraphics.framework in Frameworks */,
				567245DD18731432000BB7F9 /* UIKit.framework in Frameworks */,
				567245D918731432000BB7F9 /* Foundation.framework in Frameworks */,
			);
			runOnlyForDeploymentPostprocessing = 0;
		};
		567245F318731433000BB7F9 /* Frameworks */ = {
			isa = PBXFrameworksBuildPhase;
			buildActionMask = 2147483647;
			files = (
				567245F818731433000BB7F9 /* XCTest.framework in Frameworks */,
				567245FA18731433000BB7F9 /* UIKit.framework in Frameworks */,
				567245F918731433000BB7F9 /* Foundation.framework in Frameworks */,
			);
			runOnlyForDeploymentPostprocessing = 0;
		};
/* End PBXFrameworksBuildPhase section */

/* Begin PBXGroup section */
		567245CC18731432000BB7F9 = {
			isa = PBXGroup;
			children = (
				567245DE18731432000BB7F9 /* BLL_Abitur */,
				567245FD18731433000BB7F9 /* BLL_AbiturTests */,
				567245D718731432000BB7F9 /* Frameworks */,
				567245D618731432000BB7F9 /* Products */,
			);
			sourceTree = "<group>";
		};
		567245D618731432000BB7F9 /* Products */ = {
			isa = PBXGroup;
			children = (
				567245D518731432000BB7F9 /* BLL_Abitur.app */,
				567245F618731433000BB7F9 /* BLL_AbiturTests.xctest */,
			);
			name = Products;
			sourceTree = "<group>";
		};
		567245D718731432000BB7F9 /* Frameworks */ = {
			isa = PBXGroup;
			children = (
				567245D818731432000BB7F9 /* Foundation.framework */,
				567245DA18731432000BB7F9 /* CoreGraphics.framework */,
				567245DC18731432000BB7F9 /* UIKit.framework */,
				567245F718731433000BB7F9 /* XCTest.framework */,
			);
			name = Frameworks;
			sourceTree = "<group>";
		};
		567245DE18731432000BB7F9 /* BLL_Abitur */ = {
			isa = PBXGroup;
			children = (
				567245E718731433000BB7F9 /* AppDelegate.h */,
				567245E818731433000BB7F9 /* AppDelegate.m */,
				567245EA18731433000BB7F9 /* Main.storyboard */,
				567245ED18731433000BB7F9 /* ViewController.h */,
				567245EE18731433000BB7F9 /* ViewController.m */,
				567245F018731433000BB7F9 /* Images.xcassets */,
				567245DF18731433000BB7F9 /* Supporting Files */,
			);
			path = BLL_Abitur;
			sourceTree = "<group>";
		};
		567245DF18731433000BB7F9 /* Supporting Files */ = {
			isa = PBXGroup;
			children = (
				567245E018731433000BB7F9 /* BLL_Abitur-Info.plist */,
				567245E118731433000BB7F9 /* InfoPlist.strings */,
				567245E418731433000BB7F9 /* main.m */,
				567245E618731433000BB7F9 /* BLL_Abitur-Prefix.pch */,
			);
			name = "Supporting Files";
			sourceTree = "<group>";
		};
		567245FD18731433000BB7F9 /* BLL_AbiturTests */ = {
			isa = PBXGroup;
			children = (
				5672460318731433000BB7F9 /* BLL_AbiturTests.m */,
				567245FE18731433000BB7F9 /* Supporting Files */,
			);
			path = BLL_AbiturTests;
			sourceTree = "<group>";
		};
		567245FE18731433000BB7F9 /* Supporting Files */ = {
			isa = PBXGroup;
			children = (
				567245FF18731433000BB7F9 /* BLL_AbiturTests-Info.plist */,
				5672460018731433000BB7F9 /* InfoPlist.strings */,
			);
			name = "Supporting Files";
			sourceTree = "<group>";
		};
/* End PBXGroup section */

/* Begin PBXNativeTarget section */
		567245D418731432000BB7F9 /* BLL_Abitur */ = {
			isa = PBXNativeTarget;
			buildConfigurationList = 5672460718731433000BB7F9 /* Build configuration list for PBXNativeTarget "BLL_Abitur" */;
			buildPhases = (
				567245D118731432000BB7F9 /* Sources */,
				567245D218731432000BB7F9 /* Frameworks */,
				567245D318731432000BB7F9 /* Resources */,
			);
			buildRules = (
			);
			dependencies = (
			);
			name = BLL_Abitur;
			productName = BLL_Abitur;
			productReference = 567245D518731432000BB7F9 /* BLL_Abitur.app */;
			productType = "com.apple.product-type.application";
		};
		567245F518731433000BB7F9 /* BLL_AbiturTests */ = {
			isa = PBXNativeTarget;
			buildConfigurationList = 5672460A18731433000BB7F9 /* Build configuration list for PBXNativeTarget "BLL_AbiturTests" */;
			buildPhases = (
				567245F218731433000BB7F9 /* Sources */,
				567245F318731433000BB7F9 /* Frameworks */,
				567245F418731433000BB7F9 /* Resources */,
			);
			buildRules = (
			);
			dependencies = (
				567245FC18731433000BB7F9 /* PBXTargetDependency */,
			);
			name = BLL_AbiturTests;
			productName = BLL_AbiturTests;
			productReference = 567245F618731433000BB7F9 /* BLL_AbiturTests.xctest */;
			productType = "com.apple.product-type.bundle.unit-test";
		};
/* End PBXNativeTarget section */

/* Begin PBXProject section */
		567245CD18731432000BB7F9 /* Project object */ = {
			isa = PBXProject;
			attributes = {
				LastUpgradeCheck = 0500;
				ORGANIZATIONNAME = "Georg Zänker";
				TargetAttributes = {
					567245F518731433000BB7F9 = {
						TestTargetID = 567245D418731432000BB7F9;
					};
				};
			};
			buildConfigurationList = 567245D018731432000BB7F9 /* Build configuration list for PBXProject "BLL_Abitur" */;
			compatibilityVersion = "Xcode 3.2";
			developmentRegion = English;
			hasScannedForEncodings = 0;
			knownRegions = (
				en,
				Base,
			);
			mainGroup = 567245CC18731432000BB7F9;
			productRefGroup = 567245D618731432000BB7F9 /* Products */;
			projectDirPath = "";
			projectRoot = "";
			targets = (
				567245D418731432000BB7F9 /* BLL_Abitur */,
				567245F518731433000BB7F9 /* BLL_AbiturTests */,
			);
		};
/* End PBXProject section */

/* Begin PBXResourcesBuildPhase section */
		567245D318731432000BB7F9 /* Resources */ = {
			isa = PBXResourcesBuildPhase;
			buildActionMask = 2147483647;
			files = (
				567245F118731433000BB7F9 /* Images.xcassets in Resources */,
				567245E318731433000BB7F9 /* InfoPlist.strings in Resources */,
				567245EC18731433000BB7F9 /* Main.storyboard in Resources */,
			);
			runOnlyForDeploymentPostprocessing = 0;
		};
		567245F418731433000BB7F9 /* Resources */ = {
			isa = PBXResourcesBuildPhase;
			buildActionMask = 2147483647;
			files = (
				5672460218731433000BB7F9 /* InfoPlist.strings in Resources */,
			);
			runOnlyForDeploymentPostprocessing = 0;
		};
/* End PBXResourcesBuildPhase section */

/* Begin PBXSourcesBuildPhase section */
		567245D118731432000BB7F9 /* Sources */ = {
			isa = PBXSourcesBuildPhase;
			buildActionMask = 2147483647;
			files = (
				567245EF18731433000BB7F9 /* ViewController.m in Sources */,
				567245E918731433000BB7F9 /* AppDelegate.m in Sources */,
				567245E518731433000BB7F9 /* main.m in Sources */,
			);
			runOnlyForDeploymentPostprocessing = 0;
		};
		567245F218731433000BB7F9 /* Sources */ = {
			isa = PBXSourcesBuildPhase;
			buildActionMask = 2147483647;
			files = (
				5672460418731433000BB7F9 /* BLL_AbiturTests.m in Sources */,
			);
			runOnlyForDeploymentPostprocessing = 0;
		};
/* End PBXSourcesBuildPhase section */

/* Begin PBXTargetDependency section */
		567245FC18731433000BB7F9 /* PBXTargetDependency */ = {
			isa = PBXTargetDependency;
			target = 567245D418731432000BB7F9 /* BLL_Abitur */;
			targetProxy = 567245FB18731433000BB7F9 /* PBXContainerItemProxy */;
		};
/* End PBXTargetDependency section */

/* Begin PBXVariantGroup section */
		567245E118731433000BB7F9 /* InfoPlist.strings */ = {
			isa = PBXVariantGroup;
			children = (
				567245E218731433000BB7F9 /* en */,
			);
			name = InfoPlist.strings;
			sourceTree = "<group>";
		};
		567245EA18731433000BB7F9 /* Main.storyboard */ = {
			isa = PBXVariantGroup;
			children = (
				567245EB18731433000BB7F9 /* Base */,
			);
			name = Main.storyboard;
			sourceTree = "<group>";
		};
		5672460018731433000BB7F9 /* InfoPlist.strings */ = {
			isa = PBXVariantGroup;
			children = (
				5672460118731433000BB7F9 /* en */,
			);
			name = InfoPlist.strings;
			sourceTree = "<group>";
		};
/* End PBXVariantGroup section */

/* Begin XCBuildConfiguration section */
		5672460518731433000BB7F9 /* Debug */ = {
			isa = XCBuildConfiguration;
			buildSettings = {
				ALWAYS_SEARCH_USER_PATHS = NO;
				ARCHS = "$(ARCHS_STANDARD_INCLUDING_64_BIT)";
				CLANG_CXX_LANGUAGE_STANDARD = "gnu++0x";
				CLANG_CXX_LIBRARY = "libc++";
				CLANG_ENABLE_MODULES = YES;
				CLANG_ENABLE_OBJC_ARC = YES;
				CLANG_WARN_BOOL_CONVERSION = YES;
				CLANG_WARN_CONSTANT_CONVERSION = YES;
				CLANG_WARN_DIRECT_OBJC_ISA_USAGE = YES_ERROR;
				CLANG_WARN_EMPTY_BODY = YES;
				CLANG_WARN_ENUM_CONVERSION = YES;
				CLANG_WARN_INT_CONVERSION = YES;
				CLANG_WARN_OBJC_ROOT_CLASS = YES_ERROR;
				CLANG_WARN__DUPLICATE_METHOD_MATCH = YES;
				"CODE_SIGN_IDENTITY[sdk=iphoneos*]" = "iPhone Developer";
				COPY_PHASE_STRIP = NO;
				GCC_C_LANGUAGE_STANDARD = gnu99;
				GCC_DYNAMIC_NO_PIC = NO;
				GCC_OPTIMIZATION_LEVEL = 0;
				GCC_PREPROCESSOR_DEFINITIONS = (
					"DEBUG=1",
					"$(inherited)",
				);
				GCC_SYMBOLS_PRIVATE_EXTERN = NO;
				GCC_WARN_64_TO_32_BIT_CONVERSION = YES;
				GCC_WARN_ABOUT_RETURN_TYPE = YES_ERROR;
				GCC_WARN_UNDECLARED_SELECTOR = YES;
				GCC_WARN_UNINITIALIZED_AUTOS = YES;
				GCC_WARN_UNUSED_FUNCTION = YES;
				GCC_WARN_UNUSED_VARIABLE = YES;
				IPHONEOS_DEPLOYMENT_TARGET = 7.0;
				ONLY_ACTIVE_ARCH = YES;
				SDKROOT = iphoneos;
			};
			name = Debug;
		};
		5672460618731433000BB7F9 /* Release */ = {
			isa = XCBuildConfiguration;
			buildSettings = {
				ALWAYS_SEARCH_USER_PATHS = NO;
				ARCHS = "$(ARCHS_STANDARD_INCLUDING_64_BIT)";
				CLANG_CXX_LANGUAGE_STANDARD = "gnu++0x";
				CLANG_CXX_LIBRARY = "libc++";
				CLANG_ENABLE_MODULES = YES;
				CLANG_ENABLE_OBJC_ARC = YES;
				CLANG_WARN_BOOL_CONVERSION = YES;
				CLANG_WARN_CONSTANT_CONVERSION = YES;
				CLANG_WARN_DIRECT_OBJC_ISA_USAGE = YES_ERROR;
				CLANG_WARN_EMPTY_BODY = YES;
				CLANG_WARN_ENUM_CONVERSION = YES;
				CLANG_WARN_INT_CONVERSION = YES;
				CLANG_WARN_OBJC_ROOT_CLASS = YES_ERROR;
				CLANG_WARN__DUPLICATE_METHOD_MATCH = YES;
				"CODE_SIGN_IDENTITY[sdk=iphoneos*]" = "iPhone Developer";
				COPY_PHASE_STRIP = YES;
				ENABLE_NS_ASSERTIONS = NO;
				GCC_C_LANGUAGE_STANDARD = gnu99;
				GCC_WARN_64_TO_32_BIT_CONVERSION = YES;
				GCC_WARN_ABOUT_RETURN_TYPE = YES_ERROR;
				GCC_WARN_UNDECLARED_SELECTOR = YES;
				GCC_WARN_UNINITIALIZED_AUTOS = YES;
				GCC_WARN_UNUSED_FUNCTION = YES;
				GCC_WARN_UNUSED_VARIABLE = YES;
				IPHONEOS_DEPLOYMENT_TARGET = 7.0;
				SDKROOT = iphoneos;
				VALIDATE_PRODUCT = YES;
			};
			name = Release;
		};
		5672460818731433000BB7F9 /* Debug */ = {
			isa = XCBuildConfiguration;
			buildSettings = {
				ASSETCATALOG_COMPILER_APPICON_NAME = AppIcon;
				ASSETCATALOG_COMPILER_LAUNCHIMAGE_NAME = LaunchImage;
				GCC_PRECOMPILE_PREFIX_HEADER = YES;
				GCC_PREFIX_HEADER = "BLL_Abitur/BLL_Abitur-Prefix.pch";
				INFOPLIST_FILE = "BLL_Abitur/BLL_Abitur-Info.plist";
				PRODUCT_NAME = "$(TARGET_NAME)";
				WRAPPER_EXTENSION = app;
			};
			name = Debug;
		};
		5672460918731433000BB7F9 /* Release */ = {
			isa = XCBuildConfiguration;
			buildSettings = {
				ASSETCATALOG_COMPILER_APPICON_NAME = AppIcon;
				ASSETCATALOG_COMPILER_LAUNCHIMAGE_NAME = LaunchImage;
				GCC_PRECOMPILE_PREFIX_HEADER = YES;
				GCC_PREFIX_HEADER = "BLL_Abitur/BLL_Abitur-Prefix.pch";
				INFOPLIST_FILE = "BLL_Abitur/BLL_Abitur-Info.plist";
				PRODUCT_NAME = "$(TARGET_NAME)";
				WRAPPER_EXTENSION = app;
			};
			name = Release;
		};
		5672460B18731433000BB7F9 /* Debug */ = {
			isa = XCBuildConfiguration;
			buildSettings = {
				ARCHS = "$(ARCHS_STANDARD_INCLUDING_64_BIT)";
				BUNDLE_LOADER = "$(BUILT_PRODUCTS_DIR)/BLL_Abitur.app/BLL_Abitur";
				FRAMEWORK_SEARCH_PATHS = (
					"$(SDKROOT)/Developer/Library/Frameworks",
					"$(inherited)",
					"$(DEVELOPER_FRAMEWORKS_DIR)",
				);
				GCC_PRECOMPILE_PREFIX_HEADER = YES;
				GCC_PREFIX_HEADER = "BLL_Abitur/BLL_Abitur-Prefix.pch";
				GCC_PREPROCESSOR_DEFINITIONS = (
					"DEBUG=1",
					"$(inherited)",
				);
				INFOPLIST_FILE = "BLL_AbiturTests/BLL_AbiturTests-Info.plist";
				PRODUCT_NAME = "$(TARGET_NAME)";
				TEST_HOST = "$(BUNDLE_LOADER)";
				WRAPPER_EXTENSION = xctest;
			};
			name = Debug;
		};
		5672460C18731433000BB7F9 /* Release */ = {
			isa = XCBuildConfiguration;
			buildSettings = {
				ARCHS = "$(ARCHS_STANDARD_INCLUDING_64_BIT)";
				BUNDLE_LOADER = "$(BUILT_PRODUCTS_DIR)/BLL_Abitur.app/BLL_Abitur";
				FRAMEWORK_SEARCH_PATHS = (
					"$(SDKROOT)/Developer/Library/Frameworks",
					"$(inherited)",
					"$(DEVELOPER_FRAMEWORKS_DIR)",
				);
				GCC_PRECOMPILE_PREFIX_HEADER = YES;
				GCC_PREFIX_HEADER = "BLL_Abitur/BLL_Abitur-Prefix.pch";
				INFOPLIST_FILE = "BLL_AbiturTests/BLL_AbiturTests-Info.plist";
				PRODUCT_NAME = "$(TARGET_NAME)";
				TEST_HOST = "$(BUNDLE_LOADER)";
				WRAPPER_EXTENSION = xctest;
			};
			name = Release;
		};
/* End XCBuildConfiguration section */

/* Begin XCConfigurationList section */
		567245D018731432000BB7F9 /* Build configuration list for PBXProject "BLL_Abitur" */ = {
			isa = XCConfigurationList;
			buildConfigurations = (
				5672460518731433000BB7F9 /* Debug */,
				5672460618731433000BB7F9 /* Release */,
			);
			defaultConfigurationIsVisible = 0;
			defaultConfigurationName = Release;
		};
		5672460718731433000BB7F9 /* Build configuration list for PBXNativeTarget "BLL_Abitur" */ = {
			isa = XCConfigurationList;
			buildConfigurations = (
				5672460818731433000BB7F9 /* Debug */,
				5672460918731433000BB7F9 /* Release */,
			);
			defaultConfigurationIsVisible = 0;
		};
		5672460A18731433000BB7F9 /* Build configuration list for PBXNativeTarget "BLL_AbiturTests" */ = {
			isa = XCConfigurationList;
			buildConfigurations = (
				5672460B18731433000BB7F9 /* Debug */,
				5672460C18731433000BB7F9 /* Release */,
			);
			defaultConfigurationIsVisible = 0;
		};
/* End XCConfigurationList section */
	};
	rootObject = 567245CD18731432000BB7F9 /* Project object */;
}
